
Microsoft Visual Studio Solution File, Format Version 12.00
# Visual Studio Version 16
VisualStudioVersion = 16.0.30804.86
MinimumVisualStudioVersion = 10.0.40219.1
Project("{FAE04EC0-301F-11D3-BF4B-00C04F79EFBC}") = "UnturnedMapMigrator", "UnturnedMapMigrator\UnturnedMapMigrator.csproj", "{70220B3D-1674-43FC-9936-5F2C66D1B2A1}"
EndProject
Global
	GlobalSection(SolutionConfigurationPlatforms) = preSolution
		Debug|Any CPU = Debug|Any CPU
		Release|Any CPU = Release|Any CPU
	EndGlobalSection
	GlobalSection(ProjectConfigurationPlatforms) = postSolution
		{70220B3D-1674-43FC-9936-5F2C66D1B2A1}.Debug|Any CPU.ActiveCfg = Debug|Any CPU
		{70220B3D-1674-43FC-9936-5F2C66D1B2A1}.Debug|Any CPU.Build.0 = Debug|Any CPU
		{70220B3D-1674-43FC-9936-5F2C66D1B2A1}.Release|Any CPU.ActiveCfg = Release|Any CPU
		{70220B3D-1674-43FC-9936-5F2C66D1B2A1}.Release|Any CPU.Build.0 = Release|Any CPU
	EndGlobalSection
	GlobalSection(SolutionProperties) = preSolution
		HideSolutionNode = FALSE
	EndGlobalSection
	GlobalSection(ExtensibilityGlobals) = postSolution
		SolutionGuid = {332BA360-0696-42DB-B077-9C374E7080BA}
	EndGlobalSection
EndGlobal
